
Microsoft Visual Studio Solution File, Format Version 12.00
# Visual Studio 14
VisualStudioVersion = 14.0.25420.1
MinimumVisualStudioVersion = 10.0.40219.1
Project("{2150E333-8FDC-42A3-9474-1A3956D46DE8}") = "Library", "Library", "{E20ADC28-C578-4EF4-A6A2-18DCE2C40984}"
EndProject
Project("{2150E333-8FDC-42A3-9474-1A3956D46DE8}") = "Utilities", "Utilities", "{ACF7813E-5C0D-4900-BAD6-4169A2E013AE}"
EndProject
Project("{2150E333-8FDC-42A3-9474-1A3956D46DE8}") = "Tests", "Tests", "{94C9C1CB-7CD2-4327-AEC0-DDE375C85CEF}"
EndProject
Project("{8BB2217D-0F2D-49D1-97BC-3654ED321F3B}") = "DiscUtils", "Library\DiscUtils\DiscUtils.xproj", "{1D40DF20-B233-4A06-965D-60C37410234D}"
EndProject
Project("{8BB2217D-0F2D-49D1-97BC-3654ED321F3B}") = "DiscUtils.Common", "Utilities\DiscUtils.Common\DiscUtils.Common.xproj", "{17D2A977-E3C8-4492-9B56-548D51A38B00}"
EndProject
Project("{2150E333-8FDC-42A3-9474-1A3956D46DE8}") = "Solution Items", "Solution Items", "{11ABC396-4587-489C-AF91-902026E5D42C}"
	ProjectSection(SolutionItems) = preProject
		global.json = global.json
	EndProjectSection
EndProject
Project("{8BB2217D-0F2D-49D1-97BC-3654ED321F3B}") = "DiskClone", "Utilities\DiskClone\DiskClone.xproj", "{D6B36B96-316E-49CE-B4BF-B9A62067C64A}"
EndProject
Project("{8BB2217D-0F2D-49D1-97BC-3654ED321F3B}") = "DiskDump", "Utilities\DiskDump\DiskDump.xproj", "{90ABD51C-2FFA-48EC-86EC-EF19E4FCC840}"
EndProject
Project("{8BB2217D-0F2D-49D1-97BC-3654ED321F3B}") = "DmgExtract", "Utilities\DmgExtract\DmgExtract.xproj", "{1DE163EA-610E-429A-82AF-ED77DB1AD4A9}"
EndProject
Project("{8BB2217D-0F2D-49D1-97BC-3654ED321F3B}") = "BCDDump", "Utilities\BCDDump\BCDDump.xproj", "{56F0EB8C-2B85-486B-AC27-105EC110DC19}"
EndProject
Project("{8BB2217D-0F2D-49D1-97BC-3654ED321F3B}") = "DiscUtils.Diagnostics", "Utilities\DiscUtils.Diagnostics\DiscUtils.Diagnostics.xproj", "{C433653E-9061-40E6-858D-EDCB64E9A8DE}"
EndProject
Project("{8BB2217D-0F2D-49D1-97BC-3654ED321F3B}") = "DiscUtils.PowerShell", "Utilities\DiscUtils.PowerShell\DiscUtils.PowerShell.xproj", "{C4DD0520-2E25-4ED5-BAED-89715EB5F6DD}"
EndProject
Project("{8BB2217D-0F2D-49D1-97BC-3654ED321F3B}") = "ExternalFileSystem", "Utilities\ExternalFileSystem\ExternalFileSystem.xproj", "{9EA7DF53-A9FF-4287-BF1F-F22C5DEA57A8}"
EndProject
Project("{8BB2217D-0F2D-49D1-97BC-3654ED321F3B}") = "FileExtract", "Utilities\FileExtract\FileExtract.xproj", "{58912227-AA92-4885-A6EC-0F310AD9AA70}"
EndProject
Project("{8BB2217D-0F2D-49D1-97BC-3654ED321F3B}") = "FileRecover", "Utilities\FileRecover\FileRecover.xproj", "{16370241-E619-40B1-A68A-E6D06CD6008D}"
EndProject
Project("{8BB2217D-0F2D-49D1-97BC-3654ED321F3B}") = "iSCSIBrowse", "Utilities\iSCSIBrowse\iSCSIBrowse.xproj", "{AF17DF79-EB59-4E16-A7B5-F1CF15199978}"
EndProject
Project("{8BB2217D-0F2D-49D1-97BC-3654ED321F3B}") = "ISOCreate", "Utilities\ISOCreate\ISOCreate.xproj", "{7DA15273-9039-43EC-9D79-8A754ED1779E}"
EndProject
Project("{8BB2217D-0F2D-49D1-97BC-3654ED321F3B}") = "MSBuildTask", "Utilities\MSBuildTask\MSBuildTask.xproj", "{B4800571-67BD-403F-A8E7-D4A4709DBBAF}"
EndProject
Project("{8BB2217D-0F2D-49D1-97BC-3654ED321F3B}") = "NTFSDump", "Utilities\NTFSDump\NTFSDump.xproj", "{19CD2553-F9CA-4B42-8337-7453E7FD6679}"
EndProject
Project("{8BB2217D-0F2D-49D1-97BC-3654ED321F3B}") = "ODSBrowse", "Utilities\ODSBrowse\ODSBrowse.xproj", "{6A73A721-8E28-46A2-A8A7-9AE659D4678C}"
EndProject
Project("{8BB2217D-0F2D-49D1-97BC-3654ED321F3B}") = "OSClone", "Utilities\OSClone\OSClone.xproj", "{ECE90DA6-A427-49A1-9704-1B38CEE316ED}"
EndProject
Project("{8BB2217D-0F2D-49D1-97BC-3654ED321F3B}") = "VHDCreate", "Utilities\VHDCreate\VHDCreate.xproj", "{1F5401E3-F933-4410-83F9-1F7315F16577}"
EndProject
Project("{8BB2217D-0F2D-49D1-97BC-3654ED321F3B}") = "VHDDump", "Utilities\VHDDump\VHDDump.xproj", "{473E858C-E6B3-49F4-BF77-40B723B98811}"
EndProject
Project("{8BB2217D-0F2D-49D1-97BC-3654ED321F3B}") = "VHDXDump", "Utilities\VHDXDump\VHDXDump.xproj", "{C7161279-591E-48BC-A770-0D5413C5E994}"
EndProject
Project("{8BB2217D-0F2D-49D1-97BC-3654ED321F3B}") = "VirtualDiskConvert", "Utilities\VirtualDiskConvert\VirtualDiskConvert.xproj", "{23C1D9EB-3708-4309-B0EC-90C0CFB4D02A}"
EndProject
Project("{8BB2217D-0F2D-49D1-97BC-3654ED321F3B}") = "VolInfo", "Utilities\VolInfo\VolInfo.xproj", "{29D2E28B-6EA6-4468-B7C8-C47BF9AB9A8B}"
EndProject
Project("{8BB2217D-0F2D-49D1-97BC-3654ED321F3B}") = "LibraryTests", "Tests\LibraryTests\LibraryTests.xproj", "{772C6E51-8C0F-4C8C-8025-DF81BF6FB06A}"
EndProject
Global
	GlobalSection(SolutionConfigurationPlatforms) = preSolution
		Debug|Any CPU = Debug|Any CPU
		Release|Any CPU = Release|Any CPU
	EndGlobalSection
	GlobalSection(ProjectConfigurationPlatforms) = postSolution
		{1D40DF20-B233-4A06-965D-60C37410234D}.Debug|Any CPU.ActiveCfg = Debug|Any CPU
		{1D40DF20-B233-4A06-965D-60C37410234D}.Debug|Any CPU.Build.0 = Debug|Any CPU
		{1D40DF20-B233-4A06-965D-60C37410234D}.Release|Any CPU.ActiveCfg = Release|Any CPU
		{1D40DF20-B233-4A06-965D-60C37410234D}.Release|Any CPU.Build.0 = Release|Any CPU
		{17D2A977-E3C8-4492-9B56-548D51A38B00}.Debug|Any CPU.ActiveCfg = Debug|Any CPU
		{17D2A977-E3C8-4492-9B56-548D51A38B00}.Debug|Any CPU.Build.0 = Debug|Any CPU
		{17D2A977-E3C8-4492-9B56-548D51A38B00}.Release|Any CPU.ActiveCfg = Release|Any CPU
		{17D2A977-E3C8-4492-9B56-548D51A38B00}.Release|Any CPU.Build.0 = Release|Any CPU
		{D6B36B96-316E-49CE-B4BF-B9A62067C64A}.Debug|Any CPU.ActiveCfg = Debug|Any CPU
		{D6B36B96-316E-49CE-B4BF-B9A62067C64A}.Debug|Any CPU.Build.0 = Debug|Any CPU
		{D6B36B96-316E-49CE-B4BF-B9A62067C64A}.Release|Any CPU.ActiveCfg = Release|Any CPU
		{D6B36B96-316E-49CE-B4BF-B9A62067C64A}.Release|Any CPU.Build.0 = Release|Any CPU
		{90ABD51C-2FFA-48EC-86EC-EF19E4FCC840}.Debug|Any CPU.ActiveCfg = Debug|Any CPU
		{90ABD51C-2FFA-48EC-86EC-EF19E4FCC840}.Debug|Any CPU.Build.0 = Debug|Any CPU
		{90ABD51C-2FFA-48EC-86EC-EF19E4FCC840}.Release|Any CPU.ActiveCfg = Release|Any CPU
		{90ABD51C-2FFA-48EC-86EC-EF19E4FCC840}.Release|Any CPU.Build.0 = Release|Any CPU
		{1DE163EA-610E-429A-82AF-ED77DB1AD4A9}.Debug|Any CPU.ActiveCfg = Debug|Any CPU
		{1DE163EA-610E-429A-82AF-ED77DB1AD4A9}.Debug|Any CPU.Build.0 = Debug|Any CPU
		{1DE163EA-610E-429A-82AF-ED77DB1AD4A9}.Release|Any CPU.ActiveCfg = Release|Any CPU
		{1DE163EA-610E-429A-82AF-ED77DB1AD4A9}.Release|Any CPU.Build.0 = Release|Any CPU
		{56F0EB8C-2B85-486B-AC27-105EC110DC19}.Debug|Any CPU.ActiveCfg = Debug|Any CPU
		{56F0EB8C-2B85-486B-AC27-105EC110DC19}.Debug|Any CPU.Build.0 = Debug|Any CPU
		{56F0EB8C-2B85-486B-AC27-105EC110DC19}.Release|Any CPU.ActiveCfg = Release|Any CPU
		{56F0EB8C-2B85-486B-AC27-105EC110DC19}.Release|Any CPU.Build.0 = Release|Any CPU
		{C433653E-9061-40E6-858D-EDCB64E9A8DE}.Debug|Any CPU.ActiveCfg = Debug|Any CPU
		{C433653E-9061-40E6-858D-EDCB64E9A8DE}.Debug|Any CPU.Build.0 = Debug|Any CPU
		{C433653E-9061-40E6-858D-EDCB64E9A8DE}.Release|Any CPU.ActiveCfg = Release|Any CPU
		{C433653E-9061-40E6-858D-EDCB64E9A8DE}.Release|Any CPU.Build.0 = Release|Any CPU
		{C4DD0520-2E25-4ED5-BAED-89715EB5F6DD}.Debug|Any CPU.ActiveCfg = Debug|Any CPU
		{C4DD0520-2E25-4ED5-BAED-89715EB5F6DD}.Debug|Any CPU.Build.0 = Debug|Any CPU
		{C4DD0520-2E25-4ED5-BAED-89715EB5F6DD}.Release|Any CPU.ActiveCfg = Release|Any CPU
		{C4DD0520-2E25-4ED5-BAED-89715EB5F6DD}.Release|Any CPU.Build.0 = Release|Any CPU
		{9EA7DF53-A9FF-4287-BF1F-F22C5DEA57A8}.Debug|Any CPU.ActiveCfg = Debug|Any CPU
		{9EA7DF53-A9FF-4287-BF1F-F22C5DEA57A8}.Debug|Any CPU.Build.0 = Debug|Any CPU
		{9EA7DF53-A9FF-4287-BF1F-F22C5DEA57A8}.Release|Any CPU.ActiveCfg = Release|Any CPU
		{9EA7DF53-A9FF-4287-BF1F-F22C5DEA57A8}.Release|Any CPU.Build.0 = Release|Any CPU
		{58912227-AA92-4885-A6EC-0F310AD9AA70}.Debug|Any CPU.ActiveCfg = Debug|Any CPU
		{58912227-AA92-4885-A6EC-0F310AD9AA70}.Debug|Any CPU.Build.0 = Debug|Any CPU
		{58912227-AA92-4885-A6EC-0F310AD9AA70}.Release|Any CPU.ActiveCfg = Release|Any CPU
		{58912227-AA92-4885-A6EC-0F310AD9AA70}.Release|Any CPU.Build.0 = Release|Any CPU
		{16370241-E619-40B1-A68A-E6D06CD6008D}.Debug|Any CPU.ActiveCfg = Debug|Any CPU
		{16370241-E619-40B1-A68A-E6D06CD6008D}.Debug|Any CPU.Build.0 = Debug|Any CPU
		{16370241-E619-40B1-A68A-E6D06CD6008D}.Release|Any CPU.ActiveCfg = Release|Any CPU
		{16370241-E619-40B1-A68A-E6D06CD6008D}.Release|Any CPU.Build.0 = Release|Any CPU
		{AF17DF79-EB59-4E16-A7B5-F1CF15199978}.Debug|Any CPU.ActiveCfg = Debug|Any CPU
		{AF17DF79-EB59-4E16-A7B5-F1CF15199978}.Debug|Any CPU.Build.0 = Debug|Any CPU
		{AF17DF79-EB59-4E16-A7B5-F1CF15199978}.Release|Any CPU.ActiveCfg = Release|Any CPU
		{AF17DF79-EB59-4E16-A7B5-F1CF15199978}.Release|Any CPU.Build.0 = Release|Any CPU
		{7DA15273-9039-43EC-9D79-8A754ED1779E}.Debug|Any CPU.ActiveCfg = Debug|Any CPU
		{7DA15273-9039-43EC-9D79-8A754ED1779E}.Debug|Any CPU.Build.0 = Debug|Any CPU
		{7DA15273-9039-43EC-9D79-8A754ED1779E}.Release|Any CPU.ActiveCfg = Release|Any CPU
		{7DA15273-9039-43EC-9D79-8A754ED1779E}.Release|Any CPU.Build.0 = Release|Any CPU
		{B4800571-67BD-403F-A8E7-D4A4709DBBAF}.Debug|Any CPU.ActiveCfg = Debug|Any CPU
		{B4800571-67BD-403F-A8E7-D4A4709DBBAF}.Debug|Any CPU.Build.0 = Debug|Any CPU
		{B4800571-67BD-403F-A8E7-D4A4709DBBAF}.Release|Any CPU.ActiveCfg = Release|Any CPU
		{B4800571-67BD-403F-A8E7-D4A4709DBBAF}.Release|Any CPU.Build.0 = Release|Any CPU
		{19CD2553-F9CA-4B42-8337-7453E7FD6679}.Debug|Any CPU.ActiveCfg = Debug|Any CPU
		{19CD2553-F9CA-4B42-8337-7453E7FD6679}.Debug|Any CPU.Build.0 = Debug|Any CPU
		{19CD2553-F9CA-4B42-8337-7453E7FD6679}.Release|Any CPU.ActiveCfg = Release|Any CPU
		{19CD2553-F9CA-4B42-8337-7453E7FD6679}.Release|Any CPU.Build.0 = Release|Any CPU
		{6A73A721-8E28-46A2-A8A7-9AE659D4678C}.Debug|Any CPU.ActiveCfg = Debug|Any CPU
		{6A73A721-8E28-46A2-A8A7-9AE659D4678C}.Debug|Any CPU.Build.0 = Debug|Any CPU
		{6A73A721-8E28-46A2-A8A7-9AE659D4678C}.Release|Any CPU.ActiveCfg = Release|Any CPU
		{6A73A721-8E28-46A2-A8A7-9AE659D4678C}.Release|Any CPU.Build.0 = Release|Any CPU
		{ECE90DA6-A427-49A1-9704-1B38CEE316ED}.Debug|Any CPU.ActiveCfg = Debug|Any CPU
		{ECE90DA6-A427-49A1-9704-1B38CEE316ED}.Debug|Any CPU.Build.0 = Debug|Any CPU
		{ECE90DA6-A427-49A1-9704-1B38CEE316ED}.Release|Any CPU.ActiveCfg = Release|Any CPU
		{ECE90DA6-A427-49A1-9704-1B38CEE316ED}.Release|Any CPU.Build.0 = Release|Any CPU
		{1F5401E3-F933-4410-83F9-1F7315F16577}.Debug|Any CPU.ActiveCfg = Debug|Any CPU
		{1F5401E3-F933-4410-83F9-1F7315F16577}.Debug|Any CPU.Build.0 = Debug|Any CPU
		{1F5401E3-F933-4410-83F9-1F7315F16577}.Release|Any CPU.ActiveCfg = Release|Any CPU
		{1F5401E3-F933-4410-83F9-1F7315F16577}.Release|Any CPU.Build.0 = Release|Any CPU
		{473E858C-E6B3-49F4-BF77-40B723B98811}.Debug|Any CPU.ActiveCfg = Debug|Any CPU
		{473E858C-E6B3-49F4-BF77-40B723B98811}.Debug|Any CPU.Build.0 = Debug|Any CPU
		{473E858C-E6B3-49F4-BF77-40B723B98811}.Release|Any CPU.ActiveCfg = Release|Any CPU
		{473E858C-E6B3-49F4-BF77-40B723B98811}.Release|Any CPU.Build.0 = Release|Any CPU
		{C7161279-591E-48BC-A770-0D5413C5E994}.Debug|Any CPU.ActiveCfg = Debug|Any CPU
		{C7161279-591E-48BC-A770-0D5413C5E994}.Debug|Any CPU.Build.0 = Debug|Any CPU
		{C7161279-591E-48BC-A770-0D5413C5E994}.Release|Any CPU.ActiveCfg = Release|Any CPU
		{C7161279-591E-48BC-A770-0D5413C5E994}.Release|Any CPU.Build.0 = Release|Any CPU
		{23C1D9EB-3708-4309-B0EC-90C0CFB4D02A}.Debug|Any CPU.ActiveCfg = Debug|Any CPU
		{23C1D9EB-3708-4309-B0EC-90C0CFB4D02A}.Debug|Any CPU.Build.0 = Debug|Any CPU
		{23C1D9EB-3708-4309-B0EC-90C0CFB4D02A}.Release|Any CPU.ActiveCfg = Release|Any CPU
		{23C1D9EB-3708-4309-B0EC-90C0CFB4D02A}.Release|Any CPU.Build.0 = Release|Any CPU
		{29D2E28B-6EA6-4468-B7C8-C47BF9AB9A8B}.Debug|Any CPU.ActiveCfg = Debug|Any CPU
		{29D2E28B-6EA6-4468-B7C8-C47BF9AB9A8B}.Debug|Any CPU.Build.0 = Debug|Any CPU
		{29D2E28B-6EA6-4468-B7C8-C47BF9AB9A8B}.Release|Any CPU.ActiveCfg = Release|Any CPU
		{29D2E28B-6EA6-4468-B7C8-C47BF9AB9A8B}.Release|Any CPU.Build.0 = Release|Any CPU
		{772C6E51-8C0F-4C8C-8025-DF81BF6FB06A}.Debug|Any CPU.ActiveCfg = Debug|Any CPU
		{772C6E51-8C0F-4C8C-8025-DF81BF6FB06A}.Debug|Any CPU.Build.0 = Debug|Any CPU
		{772C6E51-8C0F-4C8C-8025-DF81BF6FB06A}.Release|Any CPU.ActiveCfg = Release|Any CPU
		{772C6E51-8C0F-4C8C-8025-DF81BF6FB06A}.Release|Any CPU.Build.0 = Release|Any CPU
	EndGlobalSection
	GlobalSection(SolutionProperties) = preSolution
		HideSolutionNode = FALSE
	EndGlobalSection
	GlobalSection(NestedProjects) = preSolution
		{1D40DF20-B233-4A06-965D-60C37410234D} = {E20ADC28-C578-4EF4-A6A2-18DCE2C40984}
		{17D2A977-E3C8-4492-9B56-548D51A38B00} = {ACF7813E-5C0D-4900-BAD6-4169A2E013AE}
		{D6B36B96-316E-49CE-B4BF-B9A62067C64A} = {ACF7813E-5C0D-4900-BAD6-4169A2E013AE}
		{90ABD51C-2FFA-48EC-86EC-EF19E4FCC840} = {ACF7813E-5C0D-4900-BAD6-4169A2E013AE}
		{1DE163EA-610E-429A-82AF-ED77DB1AD4A9} = {ACF7813E-5C0D-4900-BAD6-4169A2E013AE}
		{56F0EB8C-2B85-486B-AC27-105EC110DC19} = {ACF7813E-5C0D-4900-BAD6-4169A2E013AE}
		{C433653E-9061-40E6-858D-EDCB64E9A8DE} = {ACF7813E-5C0D-4900-BAD6-4169A2E013AE}
		{C4DD0520-2E25-4ED5-BAED-89715EB5F6DD} = {ACF7813E-5C0D-4900-BAD6-4169A2E013AE}
		{9EA7DF53-A9FF-4287-BF1F-F22C5DEA57A8} = {ACF7813E-5C0D-4900-BAD6-4169A2E013AE}
		{58912227-AA92-4885-A6EC-0F310AD9AA70} = {ACF7813E-5C0D-4900-BAD6-4169A2E013AE}
		{16370241-E619-40B1-A68A-E6D06CD6008D} = {ACF7813E-5C0D-4900-BAD6-4169A2E013AE}
		{AF17DF79-EB59-4E16-A7B5-F1CF15199978} = {ACF7813E-5C0D-4900-BAD6-4169A2E013AE}
		{7DA15273-9039-43EC-9D79-8A754ED1779E} = {ACF7813E-5C0D-4900-BAD6-4169A2E013AE}
		{B4800571-67BD-403F-A8E7-D4A4709DBBAF} = {ACF7813E-5C0D-4900-BAD6-4169A2E013AE}
		{19CD2553-F9CA-4B42-8337-7453E7FD6679} = {ACF7813E-5C0D-4900-BAD6-4169A2E013AE}
		{6A73A721-8E28-46A2-A8A7-9AE659D4678C} = {ACF7813E-5C0D-4900-BAD6-4169A2E013AE}
		{ECE90DA6-A427-49A1-9704-1B38CEE316ED} = {ACF7813E-5C0D-4900-BAD6-4169A2E013AE}
		{1F5401E3-F933-4410-83F9-1F7315F16577} = {ACF7813E-5C0D-4900-BAD6-4169A2E013AE}
		{473E858C-E6B3-49F4-BF77-40B723B98811} = {ACF7813E-5C0D-4900-BAD6-4169A2E013AE}
		{C7161279-591E-48BC-A770-0D5413C5E994} = {ACF7813E-5C0D-4900-BAD6-4169A2E013AE}
		{23C1D9EB-3708-4309-B0EC-90C0CFB4D02A} = {ACF7813E-5C0D-4900-BAD6-4169A2E013AE}
		{29D2E28B-6EA6-4468-B7C8-C47BF9AB9A8B} = {ACF7813E-5C0D-4900-BAD6-4169A2E013AE}
		{772C6E51-8C0F-4C8C-8025-DF81BF6FB06A} = {94C9C1CB-7CD2-4327-AEC0-DDE375C85CEF}
	EndGlobalSection
EndGlobal
