
Microsoft Visual Studio Solution File, Format Version 10.00
# Visual C# Express 2008
Project("{FAE04EC0-301F-11D3-BF4B-00C04F79EFBC}") = "DiscUtils", "src\DiscUtils.csproj", "{DBB340F9-2386-43C2-A473-FA496CBE07A4}"
EndProject
Project("{FAE04EC0-301F-11D3-BF4B-00C04F79EFBC}") = "DiscUtils.Common", "utils\DiscUtils.Common\DiscUtils.Common.csproj", "{40F44FCF-5C77-404D-82BD-9E17BDA5E04B}"
EndProject
Project("{FAE04EC0-301F-11D3-BF4B-00C04F79EFBC}") = "ISOExtract", "utils\ISOExtract\ISOExtract.csproj", "{15A44DEB-305C-4995-B68E-6BCA4414164D}"
EndProject
Project("{FAE04EC0-301F-11D3-BF4B-00C04F79EFBC}") = "ISOCreate", "utils\ISOCreate\ISOCreate.csproj", "{13F4D518-5F41-4C08-A4AE-CBEEEFFFE866}"
EndProject
Project("{FAE04EC0-301F-11D3-BF4B-00C04F79EFBC}") = "FATExtract", "utils\FATExtract\FATExtract.csproj", "{54F1CE9C-495F-4A01-8CC1-0FCA8981E2C1}"
EndProject
Project("{FAE04EC0-301F-11D3-BF4B-00C04F79EFBC}") = "LibraryTests", "unittests\LibraryTests\LibraryTests.csproj", "{A33BA1D9-BBEA-4513-9180-D392436F62FA}"
EndProject
Project("{FAE04EC0-301F-11D3-BF4B-00C04F79EFBC}") = "NTFSDump", "utils\NTFSDump\NTFSDump.csproj", "{C9047119-4E83-4826-9CD3-371FF2FCCC1F}"
EndProject
Project("{FAE04EC0-301F-11D3-BF4B-00C04F79EFBC}") = "VHDCreate", "utils\VHDCreate\VHDCreate.csproj", "{22157504-D0F4-4698-BDD3-D695160E124A}"
EndProject
Project("{FAE04EC0-301F-11D3-BF4B-00C04F79EFBC}") = "VHDDump", "utils\VHDDump\VHDDump.csproj", "{B1078068-FF37-426C-A478-0CB964081E5F}"
EndProject
Project("{FAE04EC0-301F-11D3-BF4B-00C04F79EFBC}") = "DiscUtils.Diagnostics", "diag\DiscUtils.Diagnostics.csproj", "{C8C3DCA6-5BCD-4F9C-B453-5E0702CB7375}"
EndProject
Project("{FAE04EC0-301F-11D3-BF4B-00C04F79EFBC}") = "VirtualDiskConvert", "utils\VirtualDiskConvert\VirtualDiskConvert.csproj", "{C88BC611-BFBF-4A16-8499-B4297A4FA77B}"
EndProject
Project("{FAE04EC0-301F-11D3-BF4B-00C04F79EFBC}") = "iSCSIBrowse", "utils\iSCSIBrowse\iSCSIBrowse.csproj", "{F8C736C2-6310-4F03-ABEB-4DAB473B181B}"
EndProject
Project("{FAE04EC0-301F-11D3-BF4B-00C04F79EFBC}") = "NTFSExtract", "utils\NTFSExtract\NTFSExtract.csproj", "{BA7FC8E0-4751-4F34-9876-C58A5D92DABE}"
EndProject
Global
	GlobalSection(SolutionConfigurationPlatforms) = preSolution
		Debug|Any CPU = Debug|Any CPU
		Release|Any CPU = Release|Any CPU
	EndGlobalSection
	GlobalSection(ProjectConfigurationPlatforms) = postSolution
		{DBB340F9-2386-43C2-A473-FA496CBE07A4}.Debug|Any CPU.ActiveCfg = Debug|Any CPU
		{DBB340F9-2386-43C2-A473-FA496CBE07A4}.Debug|Any CPU.Build.0 = Debug|Any CPU
		{DBB340F9-2386-43C2-A473-FA496CBE07A4}.Release|Any CPU.ActiveCfg = Release|Any CPU
		{DBB340F9-2386-43C2-A473-FA496CBE07A4}.Release|Any CPU.Build.0 = Release|Any CPU
		{40F44FCF-5C77-404D-82BD-9E17BDA5E04B}.Debug|Any CPU.ActiveCfg = Debug|Any CPU
		{40F44FCF-5C77-404D-82BD-9E17BDA5E04B}.Debug|Any CPU.Build.0 = Debug|Any CPU
		{40F44FCF-5C77-404D-82BD-9E17BDA5E04B}.Release|Any CPU.ActiveCfg = Release|Any CPU
		{40F44FCF-5C77-404D-82BD-9E17BDA5E04B}.Release|Any CPU.Build.0 = Release|Any CPU
		{15A44DEB-305C-4995-B68E-6BCA4414164D}.Debug|Any CPU.ActiveCfg = Debug|Any CPU
		{15A44DEB-305C-4995-B68E-6BCA4414164D}.Debug|Any CPU.Build.0 = Debug|Any CPU
		{15A44DEB-305C-4995-B68E-6BCA4414164D}.Release|Any CPU.ActiveCfg = Release|Any CPU
		{15A44DEB-305C-4995-B68E-6BCA4414164D}.Release|Any CPU.Build.0 = Release|Any CPU
		{13F4D518-5F41-4C08-A4AE-CBEEEFFFE866}.Debug|Any CPU.ActiveCfg = Debug|Any CPU
		{13F4D518-5F41-4C08-A4AE-CBEEEFFFE866}.Debug|Any CPU.Build.0 = Debug|Any CPU
		{13F4D518-5F41-4C08-A4AE-CBEEEFFFE866}.Release|Any CPU.ActiveCfg = Release|Any CPU
		{13F4D518-5F41-4C08-A4AE-CBEEEFFFE866}.Release|Any CPU.Build.0 = Release|Any CPU
		{54F1CE9C-495F-4A01-8CC1-0FCA8981E2C1}.Debug|Any CPU.ActiveCfg = Debug|Any CPU
		{54F1CE9C-495F-4A01-8CC1-0FCA8981E2C1}.Debug|Any CPU.Build.0 = Debug|Any CPU
		{54F1CE9C-495F-4A01-8CC1-0FCA8981E2C1}.Release|Any CPU.ActiveCfg = Release|Any CPU
		{54F1CE9C-495F-4A01-8CC1-0FCA8981E2C1}.Release|Any CPU.Build.0 = Release|Any CPU
		{A33BA1D9-BBEA-4513-9180-D392436F62FA}.Debug|Any CPU.ActiveCfg = Debug|Any CPU
		{A33BA1D9-BBEA-4513-9180-D392436F62FA}.Debug|Any CPU.Build.0 = Debug|Any CPU
		{A33BA1D9-BBEA-4513-9180-D392436F62FA}.Release|Any CPU.ActiveCfg = Release|Any CPU
		{A33BA1D9-BBEA-4513-9180-D392436F62FA}.Release|Any CPU.Build.0 = Release|Any CPU
		{C9047119-4E83-4826-9CD3-371FF2FCCC1F}.Debug|Any CPU.ActiveCfg = Debug|Any CPU
		{C9047119-4E83-4826-9CD3-371FF2FCCC1F}.Debug|Any CPU.Build.0 = Debug|Any CPU
		{C9047119-4E83-4826-9CD3-371FF2FCCC1F}.Release|Any CPU.ActiveCfg = Release|Any CPU
		{C9047119-4E83-4826-9CD3-371FF2FCCC1F}.Release|Any CPU.Build.0 = Release|Any CPU
		{22157504-D0F4-4698-BDD3-D695160E124A}.Debug|Any CPU.ActiveCfg = Debug|Any CPU
		{22157504-D0F4-4698-BDD3-D695160E124A}.Debug|Any CPU.Build.0 = Debug|Any CPU
		{22157504-D0F4-4698-BDD3-D695160E124A}.Release|Any CPU.ActiveCfg = Release|Any CPU
		{22157504-D0F4-4698-BDD3-D695160E124A}.Release|Any CPU.Build.0 = Release|Any CPU
		{B1078068-FF37-426C-A478-0CB964081E5F}.Debug|Any CPU.ActiveCfg = Debug|Any CPU
		{B1078068-FF37-426C-A478-0CB964081E5F}.Debug|Any CPU.Build.0 = Debug|Any CPU
		{B1078068-FF37-426C-A478-0CB964081E5F}.Release|Any CPU.ActiveCfg = Release|Any CPU
		{B1078068-FF37-426C-A478-0CB964081E5F}.Release|Any CPU.Build.0 = Release|Any CPU
		{C8C3DCA6-5BCD-4F9C-B453-5E0702CB7375}.Debug|Any CPU.ActiveCfg = Debug|Any CPU
		{C8C3DCA6-5BCD-4F9C-B453-5E0702CB7375}.Debug|Any CPU.Build.0 = Debug|Any CPU
		{C8C3DCA6-5BCD-4F9C-B453-5E0702CB7375}.Release|Any CPU.ActiveCfg = Release|Any CPU
		{C8C3DCA6-5BCD-4F9C-B453-5E0702CB7375}.Release|Any CPU.Build.0 = Release|Any CPU
		{C88BC611-BFBF-4A16-8499-B4297A4FA77B}.Debug|Any CPU.ActiveCfg = Debug|Any CPU
		{C88BC611-BFBF-4A16-8499-B4297A4FA77B}.Debug|Any CPU.Build.0 = Debug|Any CPU
		{C88BC611-BFBF-4A16-8499-B4297A4FA77B}.Release|Any CPU.ActiveCfg = Release|Any CPU
		{C88BC611-BFBF-4A16-8499-B4297A4FA77B}.Release|Any CPU.Build.0 = Release|Any CPU
		{F8C736C2-6310-4F03-ABEB-4DAB473B181B}.Debug|Any CPU.ActiveCfg = Debug|Any CPU
		{F8C736C2-6310-4F03-ABEB-4DAB473B181B}.Debug|Any CPU.Build.0 = Debug|Any CPU
		{F8C736C2-6310-4F03-ABEB-4DAB473B181B}.Release|Any CPU.ActiveCfg = Release|Any CPU
		{F8C736C2-6310-4F03-ABEB-4DAB473B181B}.Release|Any CPU.Build.0 = Release|Any CPU
		{BA7FC8E0-4751-4F34-9876-C58A5D92DABE}.Debug|Any CPU.ActiveCfg = Debug|Any CPU
		{BA7FC8E0-4751-4F34-9876-C58A5D92DABE}.Debug|Any CPU.Build.0 = Debug|Any CPU
		{BA7FC8E0-4751-4F34-9876-C58A5D92DABE}.Release|Any CPU.ActiveCfg = Release|Any CPU
		{BA7FC8E0-4751-4F34-9876-C58A5D92DABE}.Release|Any CPU.Build.0 = Release|Any CPU
	EndGlobalSection
	GlobalSection(SolutionProperties) = preSolution
		HideSolutionNode = FALSE
	EndGlobalSection
EndGlobal
